lockfileVersion: '9.0'

settings:
  autoInstallPeers: true
  excludeLinksFromLockfile: false

importers:

  .:
    dependencies:
      '@orpc/shared':
        specifier: ^1.3.0
        version: 1.3.0
      '@orpc/standard-server':
        specifier: ^1.3.0
        version: 1.3.0
    devDependencies:
      '@orpc/client':
        specifier: next
        version: 0.0.0-next.f107a0e
      '@orpc/openapi':
        specifier: next
        version: 0.0.0-next.f107a0e
      '@orpc/react':
        specifier: next
        version: 0.0.0-next.f107a0e(react@19.1.0)
      '@orpc/react-query':
        specifier: next
        version: 0.0.0-next.f107a0e(@orpc/client@0.0.0-next.f107a0e)(@tanstack/query-core@5.77.2)(@tanstack/react-query@5.77.2(react@19.1.0))(react@19.1.0)
      '@orpc/server':
        specifier: next
        version: 0.0.0-next.f107a0e
      '@orpc/zod':
        specifier: next
        version: 0.0.0-next.f107a0e(@orpc/contract@1.3.0)(@orpc/server@0.0.0-next.f107a0e)(zod@3.25.36)
      '@tanstack/react-query':
        specifier: ^5.75.7
        version: 5.77.2(react@19.1.0)
      '@types/node':
        specifier: ^22.15.17
        version: 22.15.24
      '@types/react':
        specifier: ^19.1.4
        version: 19.1.6
      '@types/react-dom':
        specifier: ^19.1.5
        version: 19.1.5(@types/react@19.1.6)
      next:
        specifier: ^15.3.0
        version: 15.3.2(react-dom@19.1.0(react@19.1.0))(react@19.1.0)
      react:
        specifier: ^19.1.0
        version: 19.1.0
      react-dom:
        specifier: ^19.1.0
        version: 19.1.0(react@19.1.0)
      typescript:
        specifier: ^5.8.3
        version: 5.8.3
      zod:
        specifier: ^3.25.11
        version: 3.25.36

packages:

  '@emnapi/runtime@1.4.3':
    resolution: {integrity: sha512-pBPWdu6MLKROBX05wSNKcNb++m5Er+KQ9QkB+WVM+pW2Kx9hoSrVTnu3BdkI5eBLZoKu/J6mW/B6i6bJB2ytXQ==}

  '@img/sharp-darwin-arm64@0.34.2':
    resolution: {integrity: sha512-OfXHZPppddivUJnqyKoi5YVeHRkkNE2zUFT2gbpKxp/JZCFYEYubnMg+gOp6lWfasPrTS+KPosKqdI+ELYVDtg==}
    engines: {node: ^18.17.0 || ^20.3.0 || >=21.0.0}
    cpu: [arm64]
    os: [darwin]

  '@img/sharp-darwin-x64@0.34.2':
    resolution: {integrity: sha512-dYvWqmjU9VxqXmjEtjmvHnGqF8GrVjM2Epj9rJ6BUIXvk8slvNDJbhGFvIoXzkDhrJC2jUxNLz/GUjjvSzfw+g==}
    engines: {node: ^18.17.0 || ^20.3.0 || >=21.0.0}
    cpu: [x64]
    os: [darwin]

  '@img/sharp-libvips-darwin-arm64@1.1.0':
    resolution: {integrity: sha512-HZ/JUmPwrJSoM4DIQPv/BfNh9yrOA8tlBbqbLz4JZ5uew2+o22Ik+tHQJcih7QJuSa0zo5coHTfD5J8inqj9DA==}
    cpu: [arm64]
    os: [darwin]

  '@img/sharp-libvips-darwin-x64@1.1.0':
    resolution: {integrity: sha512-Xzc2ToEmHN+hfvsl9wja0RlnXEgpKNmftriQp6XzY/RaSfwD9th+MSh0WQKzUreLKKINb3afirxW7A0fz2YWuQ==}
    cpu: [x64]
    os: [darwin]

  '@img/sharp-libvips-linux-arm64@1.1.0':
    resolution: {integrity: sha512-IVfGJa7gjChDET1dK9SekxFFdflarnUB8PwW8aGwEoF3oAsSDuNUTYS+SKDOyOJxQyDC1aPFMuRYLoDInyV9Ew==}
    cpu: [arm64]
    os: [linux]

  '@img/sharp-libvips-linux-arm@1.1.0':
    resolution: {integrity: sha512-s8BAd0lwUIvYCJyRdFqvsj+BJIpDBSxs6ivrOPm/R7piTs5UIwY5OjXrP2bqXC9/moGsyRa37eYWYCOGVXxVrA==}
    cpu: [arm]
    os: [linux]

  '@img/sharp-libvips-linux-ppc64@1.1.0':
    resolution: {integrity: sha512-tiXxFZFbhnkWE2LA8oQj7KYR+bWBkiV2nilRldT7bqoEZ4HiDOcePr9wVDAZPi/Id5fT1oY9iGnDq20cwUz8lQ==}
    cpu: [ppc64]
    os: [linux]

  '@img/sharp-libvips-linux-s390x@1.1.0':
    resolution: {integrity: sha512-xukSwvhguw7COyzvmjydRb3x/09+21HykyapcZchiCUkTThEQEOMtBj9UhkaBRLuBrgLFzQ2wbxdeCCJW/jgJA==}
    cpu: [s390x]
    os: [linux]

  '@img/sharp-libvips-linux-x64@1.1.0':
    resolution: {integrity: sha512-yRj2+reB8iMg9W5sULM3S74jVS7zqSzHG3Ol/twnAAkAhnGQnpjj6e4ayUz7V+FpKypwgs82xbRdYtchTTUB+Q==}
    cpu: [x64]
    os: [linux]

  '@img/sharp-libvips-linuxmusl-arm64@1.1.0':
    resolution: {integrity: sha512-jYZdG+whg0MDK+q2COKbYidaqW/WTz0cc1E+tMAusiDygrM4ypmSCjOJPmFTvHHJ8j/6cAGyeDWZOsK06tP33w==}
    cpu: [arm64]
    os: [linux]

  '@img/sharp-libvips-linuxmusl-x64@1.1.0':
    resolution: {integrity: sha512-wK7SBdwrAiycjXdkPnGCPLjYb9lD4l6Ze2gSdAGVZrEL05AOUJESWU2lhlC+Ffn5/G+VKuSm6zzbQSzFX/P65A==}
    cpu: [x64]
    os: [linux]

  '@img/sharp-linux-arm64@0.34.2':
    resolution: {integrity: sha512-D8n8wgWmPDakc83LORcfJepdOSN6MvWNzzz2ux0MnIbOqdieRZwVYY32zxVx+IFUT8er5KPcyU3XXsn+GzG/0Q==}
    engines: {node: ^18.17.0 || ^20.3.0 || >=21.0.0}
    cpu: [arm64]
    os: [linux]

  '@img/sharp-linux-arm@0.34.2':
    resolution: {integrity: sha512-0DZzkvuEOqQUP9mo2kjjKNok5AmnOr1jB2XYjkaoNRwpAYMDzRmAqUIa1nRi58S2WswqSfPOWLNOr0FDT3H5RQ==}
    engines: {node: ^18.17.0 || ^20.3.0 || >=21.0.0}
    cpu: [arm]
    os: [linux]

  '@img/sharp-linux-s390x@0.34.2':
    resolution: {integrity: sha512-EGZ1xwhBI7dNISwxjChqBGELCWMGDvmxZXKjQRuqMrakhO8QoMgqCrdjnAqJq/CScxfRn+Bb7suXBElKQpPDiw==}
    engines: {node: ^18.17.0 || ^20.3.0 || >=21.0.0}
    cpu: [s390x]
    os: [linux]

  '@img/sharp-linux-x64@0.34.2':
    resolution: {integrity: sha512-sD7J+h5nFLMMmOXYH4DD9UtSNBD05tWSSdWAcEyzqW8Cn5UxXvsHAxmxSesYUsTOBmUnjtxghKDl15EvfqLFbQ==}
    engines: {node: ^18.17.0 || ^20.3.0 || >=21.0.0}
    cpu: [x64]
    os: [linux]

  '@img/sharp-linuxmusl-arm64@0.34.2':
    resolution: {integrity: sha512-NEE2vQ6wcxYav1/A22OOxoSOGiKnNmDzCYFOZ949xFmrWZOVII1Bp3NqVVpvj+3UeHMFyN5eP/V5hzViQ5CZNA==}
    engines: {node: ^18.17.0 || ^20.3.0 || >=21.0.0}
    cpu: [arm64]
    os: [linux]

  '@img/sharp-linuxmusl-x64@0.34.2':
    resolution: {integrity: sha512-DOYMrDm5E6/8bm/yQLCWyuDJwUnlevR8xtF8bs+gjZ7cyUNYXiSf/E8Kp0Ss5xasIaXSHzb888V1BE4i1hFhAA==}
    engines: {node: ^18.17.0 || ^20.3.0 || >=21.0.0}
    cpu: [x64]
    os: [linux]

  '@img/sharp-wasm32@0.34.2':
    resolution: {integrity: sha512-/VI4mdlJ9zkaq53MbIG6rZY+QRN3MLbR6usYlgITEzi4Rpx5S6LFKsycOQjkOGmqTNmkIdLjEvooFKwww6OpdQ==}
    engines: {node: ^18.17.0 || ^20.3.0 || >=21.0.0}
    cpu: [wasm32]

  '@img/sharp-win32-arm64@0.34.2':
    resolution: {integrity: sha512-cfP/r9FdS63VA5k0xiqaNaEoGxBg9k7uE+RQGzuK9fHt7jib4zAVVseR9LsE4gJcNWgT6APKMNnCcnyOtmSEUQ==}
    engines: {node: ^18.17.0 || ^20.3.0 || >=21.0.0}
    cpu: [arm64]
    os: [win32]

  '@img/sharp-win32-ia32@0.34.2':
    resolution: {integrity: sha512-QLjGGvAbj0X/FXl8n1WbtQ6iVBpWU7JO94u/P2M4a8CFYsvQi4GW2mRy/JqkRx0qpBzaOdKJKw8uc930EX2AHw==}
    engines: {node: ^18.17.0 || ^20.3.0 || >=21.0.0}
    cpu: [ia32]
    os: [win32]

  '@img/sharp-win32-x64@0.34.2':
    resolution: {integrity: sha512-aUdT6zEYtDKCaxkofmmJDJYGCf0+pJg3eU9/oBuqvEeoB9dKI6ZLc/1iLJCTuJQDO4ptntAlkUmHgGjyuobZbw==}
    engines: {node: ^18.17.0 || ^20.3.0 || >=21.0.0}
    cpu: [x64]
    os: [win32]

  '@next/env@15.3.2':
    resolution: {integrity: sha512-xURk++7P7qR9JG1jJtLzPzf0qEvqCN0A/T3DXf8IPMKo9/6FfjxtEffRJIIew/bIL4T3C2jLLqBor8B/zVlx6g==}

  '@next/swc-darwin-arm64@15.3.2':
    resolution: {integrity: sha512-2DR6kY/OGcokbnCsjHpNeQblqCZ85/1j6njYSkzRdpLn5At7OkSdmk7WyAmB9G0k25+VgqVZ/u356OSoQZ3z0g==}
    engines: {node: '>= 10'}
    cpu: [arm64]
    os: [darwin]

  '@next/swc-darwin-x64@15.3.2':
    resolution: {integrity: sha512-ro/fdqaZWL6k1S/5CLv1I0DaZfDVJkWNaUU3un8Lg6m0YENWlDulmIWzV96Iou2wEYyEsZq51mwV8+XQXqMp3w==}
    engines: {node: '>= 10'}
    cpu: [x64]
    os: [darwin]

  '@next/swc-linux-arm64-gnu@15.3.2':
    resolution: {integrity: sha512-covwwtZYhlbRWK2HlYX9835qXum4xYZ3E2Mra1mdQ+0ICGoMiw1+nVAn4d9Bo7R3JqSmK1grMq/va+0cdh7bJA==}
    engines: {node: '>= 10'}
    cpu: [arm64]
    os: [linux]

  '@next/swc-linux-arm64-musl@15.3.2':
    resolution: {integrity: sha512-KQkMEillvlW5Qk5mtGA/3Yz0/tzpNlSw6/3/ttsV1lNtMuOHcGii3zVeXZyi4EJmmLDKYcTcByV2wVsOhDt/zg==}
    engines: {node: '>= 10'}
    cpu: [arm64]
    os: [linux]

  '@next/swc-linux-x64-gnu@15.3.2':
    resolution: {integrity: sha512-uRBo6THWei0chz+Y5j37qzx+BtoDRFIkDzZjlpCItBRXyMPIg079eIkOCl3aqr2tkxL4HFyJ4GHDes7W8HuAUg==}
    engines: {node: '>= 10'}
    cpu: [x64]
    os: [linux]

  '@next/swc-linux-x64-musl@15.3.2':
    resolution: {integrity: sha512-+uxFlPuCNx/T9PdMClOqeE8USKzj8tVz37KflT3Kdbx/LOlZBRI2yxuIcmx1mPNK8DwSOMNCr4ureSet7eyC0w==}
    engines: {node: '>= 10'}
    cpu: [x64]
    os: [linux]

  '@next/swc-win32-arm64-msvc@15.3.2':
    resolution: {integrity: sha512-LLTKmaI5cfD8dVzh5Vt7+OMo+AIOClEdIU/TSKbXXT2iScUTSxOGoBhfuv+FU8R9MLmrkIL1e2fBMkEEjYAtPQ==}
    engines: {node: '>= 10'}
    cpu: [arm64]
    os: [win32]

  '@next/swc-win32-x64-msvc@15.3.2':
    resolution: {integrity: sha512-aW5B8wOPioJ4mBdMDXkt5f3j8pUr9W8AnlX0Df35uRWNT1Y6RIybxjnSUe+PhM+M1bwgyY8PHLmXZC6zT1o5tA==}
    engines: {node: '>= 10'}
    cpu: [x64]
    os: [win32]

  '@orpc/client@0.0.0-next.f107a0e':
    resolution: {integrity: sha512-aNasFLlhgiTwjVQReE0tU2zHX+dfKJuBDjgQiUULag1V0mSr9IAVv6wFop+jvp97GrNNk//azC+5axLBSoErGA==}

  '@orpc/client@1.3.0':
    resolution: {integrity: sha512-xFrhgHuE7NJMwdr+HtDUoULCSa3qgNMRaOVP9UsjIPhjEiu/7yYQAopePbqZVh6H135VDuG1sKxx3PX5+fqPIQ==}

  '@orpc/contract@0.0.0-next.f107a0e':
    resolution: {integrity: sha512-ADazcB1FSzYv6btGl0ZnwgcDj3P5DnHv96hcgn0/24b+V9iw+YumTNUp6hQxTMS6UI8exMlLHTeWaulEYZFbjQ==}

  '@orpc/contract@1.3.0':
    resolution: {integrity: sha512-RlBCD8tBYrgcnVxtllHqX+DiFSMrD6UFKFFULth9RcixtWD4E6kCDx7NCEL8LGVsxihtxlEq7893+Od11wiFKA==}

  '@orpc/openapi-client@0.0.0-next.f107a0e':
    resolution: {integrity: sha512-yFvJmf66kvLONOaDVmoTlw55Orffd3wWwkGO5jsRWjqGuv9gGJas+qCcOp8M9g/5y0reV7TXUKhOd3Sm8Ku1iw==}

  '@orpc/openapi@0.0.0-next.f107a0e':
    resolution: {integrity: sha512-j2h8BTFtUsaeon/FSrMLN3fk360HTwloLuhVpO82TmpKhwP8NfeYPThcMkIy0bYH9fq6TLk01K8EoIh5N1HeJw==}

  '@orpc/react-query@0.0.0-next.f107a0e':
    resolution: {integrity: sha512-pcuNrHntkhtL+QXw5zGyPnvCue/Pfs1kZ0OmKJuUAzwXHiK9lMiZ6UT3L9XamCB2OIPvysol0Li+lD8NtKsuJg==}
    peerDependencies:
      '@orpc/client': 0.0.0-next.f107a0e
      '@tanstack/react-query': '>=5.55.0'
      react: '>=18.3.0'

  '@orpc/react@0.0.0-next.f107a0e':
    resolution: {integrity: sha512-kiLIf6H6bzPfu7heKADEJ3E+xRMr4fiP//6fqiKygEZ46tRjN/ATRm/ju4dnHotN74POuJDdoyqAHXLxeoZkCg==}
    peerDependencies:
      react: '>=18.0.0'

  '@orpc/server@0.0.0-next.f107a0e':
    resolution: {integrity: sha512-PLuIdyYosFIKanO7xoOqREkJPzD+MSmJ3VeaUwoNs/Nkmr9U72VNDP+VDiSyZqWW7GnS/cp3P6ChpQJtYowGVw==}
    peerDependencies:
      crossws: '>=0.3.4'
      ws: '>=8.18.1'
    peerDependenciesMeta:
      crossws:
        optional: true
      ws:
        optional: true

  '@orpc/shared@0.0.0-next.f107a0e':
    resolution: {integrity: sha512-dv8IMZrX0f9L6+Ob0iQwAjuiJPoaw53hNmkRWp8LUlHPqlTB6gWOSxCLKiNCAOT6BnbYF0JuUFDOnIHGs1uyHw==}

  '@orpc/shared@1.3.0':
    resolution: {integrity: sha512-QIFw16fFrynabVbcuK8+t68PvSYkpltBcD1R+9sY0UGKFuk5dVLkRBziBqfix9uDogpEwrk05IovMFCppO1WzA==}

  '@orpc/standard-server-aws-lambda@0.0.0-next.f107a0e':
    resolution: {integrity: sha512-08mB7KRuUZtG/tcWeqiJ++BcFZt2SaFgq/+1KQIEMPMqcYpDmUuRgaE/YGPpb3Y1zwWP3/z49KG/5zV1UI3svQ==}

  '@orpc/standard-server-fetch@0.0.0-next.f107a0e':
    resolution: {integrity: sha512-+q3vjf1oo/vz+ri8o1DyHoEJXIX0KjrIWmtOoniwL0GmhHaaxzdeNrdQt/YVCeGHP/u2yXV9y6xUOSmNk385Jw==}

  '@orpc/standard-server-fetch@1.3.0':
    resolution: {integrity: sha512-p5FKm/nc0ZwvVWUEEPjN/SCK/4fYP3wWoP/R4/kEFt+hDxfBIYOq7iwUmyi1Gx0DxwXMjy60o+skCDez3Mmzmw==}

  '@orpc/standard-server-node@0.0.0-next.f107a0e':
    resolution: {integrity: sha512-2MtHCkovE52mclfj3VmBR80H+BkVW7Q/FZpApmeVtvtQ8sCJWE2JYzdRU9Z9VzjZORV0IeCEdfI8vqlBu5Kj3g==}

  '@orpc/standard-server-peer@0.0.0-next.f107a0e':
    resolution: {integrity: sha512-m8F3/qOUCUG4IE8lwEawZ63V7NBta4BM71MPOcvbCKU864lRFGNBb3JxayvGkwPwnmGlxA+KIdFIgIiOCqPojg==}

  '@orpc/standard-server-peer@1.3.0':
    resolution: {integrity: sha512-tiI2Ds59qvHVC4BpcF797Z3w7pMY75yZjmSqIYnYEak3MP6ThstUyQX6bzpON/9GcDyZtw2nr3+BklBHKxNXGQ==}

  '@orpc/standard-server@0.0.0-next.f107a0e':
    resolution: {integrity: sha512-ZUoUD2wdjb51LW4wLVY82uzphmtAaCHmPJC9OFwYU9HMOiEGfAsfAnz3pY5pbtj8VzXhkW1/vkYzPv9+ynSbnA==}

  '@orpc/standard-server@1.3.0':
    resolution: {integrity: sha512-02NjLPsHmME5x7zYcd1FuZW/WTlAgkF6MBhZXHImosAZdGcVddDVhRLtYWud/GFc+u5oyq7i/6u2+2j6QEnpcA==}

  '@orpc/tanstack-query@0.0.0-next.f107a0e':
    resolution: {integrity: sha512-c/4EMQCBv9uH1JvT0jR+nStvFI93h1/FF4VooDYOtcEsleZ2UKmkULqbeFah6bcDgwaAfwVJ+g6ck6JHOulZdg==}
    peerDependencies:
      '@orpc/client': 0.0.0-next.f107a0e
      '@tanstack/query-core': '>=5.55.0'

  '@orpc/zod@0.0.0-next.f107a0e':
    resolution: {integrity: sha512-pu8jFzpHEIlclBmby5ZBzMQ4IWzHVmzG0hU8pLqmeznZ1Tvt0yHMz4Vbpy1bHMfYRE9jpJ2xi8yOkUlriUSMHQ==}
    peerDependencies:
      '@orpc/contract': 0.0.0-next.f107a0e
      '@orpc/server': 0.0.0-next.f107a0e
      zod: '>=3.24.2'

  '@standard-schema/spec@1.0.0':
    resolution: {integrity: sha512-m2bOd0f2RT9k8QJx1JN85cZYyH1RqFBdlwtkSlf4tBDYLCiiZnv1fIIwacK6cqwXavOydf0NPToMQgpKq+dVlA==}

  '@swc/counter@0.1.3':
    resolution: {integrity: sha512-e2BR4lsJkkRlKZ/qCHPw9ZaSxc0MVUd7gtbtaB7aMvHeJVYe8sOB8DBZkP2DtISHGSku9sCK6T6cnY0CtXrOCQ==}

  '@swc/helpers@0.5.15':
    resolution: {integrity: sha512-JQ5TuMi45Owi4/BIMAJBoSQoOJu12oOk/gADqlcUL9JEdHB8vyjUSsxqeNXnmXHjYKMi2WcYtezGEEhqUI/E2g==}

  '@tanstack/query-core@5.77.2':
    resolution: {integrity: sha512-1lqJwPsR6GX6nZFw06erRt518O19tWU6Q+x0fJUygl4lxHCYF2nhzBPwLKk2NPjYOrpR0K567hxPc5K++xDe9Q==}

  '@tanstack/react-query@5.77.2':
    resolution: {integrity: sha512-BRHxWdy1mHmgAcYA/qy2IPLylT81oebLgkm9K85viN2Qol/Vq48t1dzDFeDIVQjTWDV96AmqsLNPlH5HjyKCxA==}
    peerDependencies:
      react: ^18 || ^19

  '@types/node@22.15.24':
    resolution: {integrity: sha512-w9CZGm9RDjzTh/D+hFwlBJ3ziUaVw7oufKA3vOFSOZlzmW9AkZnfjPb+DLnrV6qtgL/LNmP0/2zBNCFHL3F0ng==}

  '@types/react-dom@19.1.5':
    resolution: {integrity: sha512-CMCjrWucUBZvohgZxkjd6S9h0nZxXjzus6yDfUb+xLxYM7VvjKNH1tQrE9GWLql1XoOP4/Ds3bwFqShHUYraGg==}
    peerDependencies:
      '@types/react': ^19.0.0

  '@types/react@19.1.6':
    resolution: {integrity: sha512-JeG0rEWak0N6Itr6QUx+X60uQmN+5t3j9r/OVDtWzFXKaj6kD1BwJzOksD0FF6iWxZlbE1kB0q9vtnU2ekqa1Q==}

  busboy@1.6.0:
    resolution: {integrity: sha512-8SFQbg/0hQ9xy3UNTB0YEnsNBbWfhf7RtnzpL7TkBiTBRfrQ9Fxcnz7VJsleJpyp6rVLvXiuORqjlHi5q+PYuA==}
    engines: {node: '>=10.16.0'}

  caniuse-lite@1.0.30001720:
    resolution: {integrity: sha512-Ec/2yV2nNPwb4DnTANEV99ZWwm3ZWfdlfkQbWSDDt+PsXEVYwlhPH8tdMaPunYTKKmz7AnHi2oNEi1GcmKCD8g==}

  client-only@0.0.1:
    resolution: {integrity: sha512-IV3Ou0jSMzZrd3pZ48nLkT9DA7Ag1pnPzaiQhpW7c3RbcqqzvzzVu+L8gfqMp/8IM2MQtSiqaCxrrcfu8I8rMA==}

  color-convert@2.0.1:
    resolution: {integrity: sha512-RRECPsj7iu/xb5oKYcsFHSppFNnsj/52OVTRKb4zP5onXwVF3zVmmToNcOfGC+CRDpfK/U584fMg38ZHCaElKQ==}
    engines: {node: '>=7.0.0'}

  color-name@1.1.4:
    resolution: {integrity: sha512-dOy+3AuW3a2wNbZHIuMZpTcgjGuLU/uBL/ubcZF9OXbDo8ff4O8yVp5Bf0efS8uEoYo5q4Fx7dY9OgQGXgAsQA==}

  color-string@1.9.1:
    resolution: {integrity: sha512-shrVawQFojnZv6xM40anx4CkoDP+fZsw/ZerEMsW/pyzsRbElpsL/DBVW7q3ExxwusdNXI3lXpuhEZkzs8p5Eg==}

  color@4.2.3:
    resolution: {integrity: sha512-1rXeuUUiGGrykh+CeBdu5Ie7OJwinCgQY0bc7GCRxy5xVHy+moaqkpL/jqQq0MtQOeYcrqEz4abc5f0KtU7W4A==}
    engines: {node: '>=12.5.0'}

  csstype@3.1.3:
    resolution: {integrity: sha512-M1uQkMl8rQK/szD0LNhtqxIPLpimGm8sOBwU7lLnCpSbTyY3yeU1Vc7l4KT5zT4s/yOxHH5O7tIuuLOCnLADRw==}

  detect-libc@2.0.4:
    resolution: {integrity: sha512-3UDv+G9CsCKO1WKMGw9fwq/SWJYbI0c5Y7LU1AXYoDdbhE2AHQ6N6Nb34sG8Fj7T5APy8qXDCKuuIHd1BR0tVA==}
    engines: {node: '>=8'}

  escape-string-regexp@5.0.0:
    resolution: {integrity: sha512-/veY75JbMK4j1yjvuUxuVsiS/hr/4iHs9FTT6cgTexxdE0Ly/glccBAkloH/DofkjRbZU3bnoj38mOmhkZ0lHw==}
    engines: {node: '>=12'}

  is-arrayish@0.3.2:
    resolution: {integrity: sha512-eVRqCvVlZbuw3GrM63ovNSNAeA1K16kaR/LRY/92w0zxQ5/1YzwblUX652i4Xs9RwAGjW9d9y6X88t8OaAJfWQ==}

  json-schema-typed@8.0.1:
    resolution: {integrity: sha512-XQmWYj2Sm4kn4WeTYvmpKEbyPsL7nBsb647c7pMe6l02/yx2+Jfc4dT6UZkEXnIUb5LhD55r2HPsJ1milQ4rDg==}

  nanoid@3.3.11:
    resolution: {integrity: sha512-N8SpfPUnUp1bK+PMYW8qSWdl9U+wwNWI4QKxOYDy9JAro3WMX7p2OeVRF9v+347pnakNevPmiHhNmZ2HbFA76w==}
    engines: {node: ^10 || ^12 || ^13.7 || ^14 || >=15.0.1}
    hasBin: true

  next@15.3.2:
    resolution: {integrity: sha512-CA3BatMyHkxZ48sgOCLdVHjFU36N7TF1HhqAHLFOkV6buwZnvMI84Cug8xD56B9mCuKrqXnLn94417GrZ/jjCQ==}
    engines: {node: ^18.18.0 || ^19.8.0 || >= 20.0.0}
    hasBin: true
    peerDependencies:
      '@opentelemetry/api': ^1.1.0
      '@playwright/test': ^1.41.2
      babel-plugin-react-compiler: '*'
      react: ^18.2.0 || 19.0.0-rc-de68d2f4-20241204 || ^19.0.0
      react-dom: ^18.2.0 || 19.0.0-rc-de68d2f4-20241204 || ^19.0.0
      sass: ^1.3.0
    peerDependenciesMeta:
      '@opentelemetry/api':
        optional: true
      '@playwright/test':
        optional: true
      babel-plugin-react-compiler:
        optional: true
      sass:
        optional: true

  openapi-types@12.1.3:
    resolution: {integrity: sha512-N4YtSYJqghVu4iek2ZUvcN/0aqH1kRDuNqzcycDxhOUpg7GdvLa2F3DgS6yBNhInhv2r/6I0Flkn7CqL8+nIcw==}

  picocolors@1.1.1:
    resolution: {integrity: sha512-xceH2snhtb5M9liqDsmEw56le376mTZkEX/jEb/RxNFyegNul7eNslCXP9FDj/Lcu0X8KEyMceP2ntpaHrDEVA==}

  postcss@8.4.31:
    resolution: {integrity: sha512-PS08Iboia9mts/2ygV3eLpY5ghnUcfLV/EXTOW1E2qYxJKGGBUtNjN76FYHnMs36RmARn41bC0AZmn+rR0OVpQ==}
    engines: {node: ^10 || ^12 || >=14}

  radash@12.1.0:
    resolution: {integrity: sha512-b0Zcf09AhqKS83btmUeYBS8tFK7XL2e3RvLmZcm0sTdF1/UUlHSsjXdCcWNxe7yfmAlPve5ym0DmKGtTzP6kVQ==}
    engines: {node: '>=14.18.0'}

  react-dom@19.1.0:
    resolution: {integrity: sha512-Xs1hdnE+DyKgeHJeJznQmYMIBG3TKIHJJT95Q58nHLSrElKlGQqDTR2HQ9fx5CN/Gk6Vh/kupBTDLU11/nDk/g==}
    peerDependencies:
      react: ^19.1.0

  react@19.1.0:
    resolution: {integrity: sha512-FS+XFBNvn3GTAWq26joslQgWNoFu08F4kl0J4CgdNKADkdSGXQyTCnKteIAJy96Br6YbpEU1LSzV5dYtjMkMDg==}
    engines: {node: '>=0.10.0'}

  rou3@0.6.1:
    resolution: {integrity: sha512-mqyxhSO0LLAa/lwNhH3329NEbRFJEHpZGIqr0cWQTtQEwqFMpf0a15cGw3kh9nil1oufh97Qhx4KWsy++0yn4g==}

  scheduler@0.26.0:
    resolution: {integrity: sha512-NlHwttCI/l5gCPR3D1nNXtWABUmBwvZpEQiD4IXSbIDq8BzLIK/7Ir5gTFSGZDUu37K5cMNp0hFtzO38sC7gWA==}

  semver@7.7.2:
    resolution: {integrity: sha512-RF0Fw+rO5AMf9MAyaRXI4AV0Ulj5lMHqVxxdSgiVbixSCXoEmmX/jk0CuJw4+3SqroYO9VoUh+HcuJivvtJemA==}
    engines: {node: '>=10'}
    hasBin: true

  sharp@0.34.2:
    resolution: {integrity: sha512-lszvBmB9QURERtyKT2bNmsgxXK0ShJrL/fvqlonCo7e6xBF8nT8xU6pW+PMIbLsz0RxQk3rgH9kd8UmvOzlMJg==}
    engines: {node: ^18.17.0 || ^20.3.0 || >=21.0.0}

  simple-swizzle@0.2.2:
    resolution: {integrity: sha512-JA//kQgZtbuY83m+xT+tXJkmJncGMTFT+C+g2h2R9uxkYIrE2yy9sgmcLhCnw57/WSD+Eh3J97FPEDFnbXnDUg==}

  source-map-js@1.2.1:
    resolution: {integrity: sha512-UXWMKhLOwVKb728IUtQPXxfYU+usdybtUrK/8uGE8CQMvrhOpwvzDBwj0QhSL7MQc7vIsISBG8VQ8+IDQxpfQA==}
    engines: {node: '>=0.10.0'}

  streamsearch@1.1.0:
    resolution: {integrity: sha512-Mcc5wHehp9aXz1ax6bZUyY5afg9u2rv5cqQI3mRrYkGC8rW2hM02jWuwjtL++LS5qinSyhj2QfLyNsuc+VsExg==}
    engines: {node: '>=10.0.0'}

  styled-jsx@5.1.6:
    resolution: {integrity: sha512-qSVyDTeMotdvQYoHWLNGwRFJHC+i+ZvdBRYosOFgC+Wg1vx4frN2/RG/NA7SYqqvKNLf39P2LSRA2pu6n0XYZA==}
    engines: {node: '>= 12.0.0'}
    peerDependencies:
      '@babel/core': '*'
      babel-plugin-macros: '*'
      react: '>= 16.8.0 || 17.x.x || ^18.0.0-0 || ^19.0.0-0'
    peerDependenciesMeta:
      '@babel/core':
        optional: true
      babel-plugin-macros:
        optional: true

  tslib@2.8.1:
    resolution: {integrity: sha512-oJFu94HQb+KVduSUQL7wnpmqnfmLsOA/nAh6b6EH0wCEoK0/mPeXU6c3wKDV83MkOuHPRHtSXKKU99IBazS/2w==}

  type-fest@4.41.0:
    resolution: {integrity: sha512-TeTSQ6H5YHvpqVwBRcnLDCBnDOHWYu7IvGbHT6N8AOymcr9PJGjc1GTtiWZTYg0NCgYwvnYWEkVChQAr9bjfwA==}
    engines: {node: '>=16'}

  typescript@5.8.3:
    resolution: {integrity: sha512-p1diW6TqL9L07nNxvRMM7hMMw4c5XOo/1ibL4aAIGmSAt9slTE1Xgw5KWuof2uTOvCg9BY7ZRi+GaF+7sfgPeQ==}
    engines: {node: '>=14.17'}
    hasBin: true

  undici-types@6.21.0:
    resolution: {integrity: sha512-iwDZqg0QAGrg9Rav5H4n0M64c3mkR59cJ6wQp+7C4nI0gsmExaedaYLNO44eT4AtBBwjbTiGPMlt2Md0T9H9JQ==}

  wildcard-match@5.1.4:
    resolution: {integrity: sha512-wldeCaczs8XXq7hj+5d/F38JE2r7EXgb6WQDM84RVwxy81T/sxB5e9+uZLK9Q9oNz1mlvjut+QtvgaOQFPVq/g==}

  zod@3.25.36:
    resolution: {integrity: sha512-eRFS3i8T0IrpGdL8HQyqFAugGOn7jOjyGgGdtv5NY4Wkhi7lJDk732bNZ609YMIGFbLoaj6J69O1Mura23gfIw==}

snapshots:

  '@emnapi/runtime@1.4.3':
    dependencies:
      tslib: 2.8.1
    optional: true

  '@img/sharp-darwin-arm64@0.34.2':
    optionalDependencies:
      '@img/sharp-libvips-darwin-arm64': 1.1.0
    optional: true

  '@img/sharp-darwin-x64@0.34.2':
    optionalDependencies:
      '@img/sharp-libvips-darwin-x64': 1.1.0
    optional: true

  '@img/sharp-libvips-darwin-arm64@1.1.0':
    optional: true

  '@img/sharp-libvips-darwin-x64@1.1.0':
    optional: true

  '@img/sharp-libvips-linux-arm64@1.1.0':
    optional: true

  '@img/sharp-libvips-linux-arm@1.1.0':
    optional: true

  '@img/sharp-libvips-linux-ppc64@1.1.0':
    optional: true

  '@img/sharp-libvips-linux-s390x@1.1.0':
    optional: true

  '@img/sharp-libvips-linux-x64@1.1.0':
    optional: true

  '@img/sharp-libvips-linuxmusl-arm64@1.1.0':
    optional: true

  '@img/sharp-libvips-linuxmusl-x64@1.1.0':
    optional: true

  '@img/sharp-linux-arm64@0.34.2':
    optionalDependencies:
      '@img/sharp-libvips-linux-arm64': 1.1.0
    optional: true

  '@img/sharp-linux-arm@0.34.2':
    optionalDependencies:
      '@img/sharp-libvips-linux-arm': 1.1.0
    optional: true

  '@img/sharp-linux-s390x@0.34.2':
    optionalDependencies:
      '@img/sharp-libvips-linux-s390x': 1.1.0
    optional: true

  '@img/sharp-linux-x64@0.34.2':
    optionalDependencies:
      '@img/sharp-libvips-linux-x64': 1.1.0
    optional: true

  '@img/sharp-linuxmusl-arm64@0.34.2':
    optionalDependencies:
      '@img/sharp-libvips-linuxmusl-arm64': 1.1.0
    optional: true

  '@img/sharp-linuxmusl-x64@0.34.2':
    optionalDependencies:
      '@img/sharp-libvips-linuxmusl-x64': 1.1.0
    optional: true

  '@img/sharp-wasm32@0.34.2':
    dependencies:
      '@emnapi/runtime': 1.4.3
    optional: true

  '@img/sharp-win32-arm64@0.34.2':
    optional: true

  '@img/sharp-win32-ia32@0.34.2':
    optional: true

  '@img/sharp-win32-x64@0.34.2':
    optional: true

  '@next/env@15.3.2': {}

  '@next/swc-darwin-arm64@15.3.2':
    optional: true

  '@next/swc-darwin-x64@15.3.2':
    optional: true

  '@next/swc-linux-arm64-gnu@15.3.2':
    optional: true

  '@next/swc-linux-arm64-musl@15.3.2':
    optional: true

  '@next/swc-linux-x64-gnu@15.3.2':
    optional: true

  '@next/swc-linux-x64-musl@15.3.2':
    optional: true

  '@next/swc-win32-arm64-msvc@15.3.2':
    optional: true

  '@next/swc-win32-x64-msvc@15.3.2':
    optional: true

  '@orpc/client@0.0.0-next.f107a0e':
    dependencies:
      '@orpc/shared': 0.0.0-next.f107a0e
      '@orpc/standard-server': 0.0.0-next.f107a0e
      '@orpc/standard-server-fetch': 0.0.0-next.f107a0e
      '@orpc/standard-server-peer': 0.0.0-next.f107a0e

  '@orpc/client@1.3.0':
    dependencies:
      '@orpc/shared': 1.3.0
      '@orpc/standard-server': 1.3.0
      '@orpc/standard-server-fetch': 1.3.0
      '@orpc/standard-server-peer': 1.3.0

  '@orpc/contract@0.0.0-next.f107a0e':
    dependencies:
      '@orpc/client': 0.0.0-next.f107a0e
      '@orpc/shared': 0.0.0-next.f107a0e
      '@standard-schema/spec': 1.0.0
      openapi-types: 12.1.3

  '@orpc/contract@1.3.0':
    dependencies:
      '@orpc/client': 1.3.0
      '@orpc/shared': 1.3.0
      '@standard-schema/spec': 1.0.0

  '@orpc/openapi-client@0.0.0-next.f107a0e':
    dependencies:
      '@orpc/client': 0.0.0-next.f107a0e
      '@orpc/contract': 0.0.0-next.f107a0e
      '@orpc/shared': 0.0.0-next.f107a0e
      '@orpc/standard-server': 0.0.0-next.f107a0e

  '@orpc/openapi@0.0.0-next.f107a0e':
    dependencies:
      '@orpc/client': 0.0.0-next.f107a0e
      '@orpc/contract': 0.0.0-next.f107a0e
      '@orpc/openapi-client': 0.0.0-next.f107a0e
      '@orpc/server': 0.0.0-next.f107a0e
      '@orpc/shared': 0.0.0-next.f107a0e
      '@orpc/standard-server': 0.0.0-next.f107a0e
      json-schema-typed: 8.0.1
      rou3: 0.6.1
    transitivePeerDependencies:
      - crossws
      - ws

  '@orpc/react-query@0.0.0-next.f107a0e(@orpc/client@0.0.0-next.f107a0e)(@tanstack/query-core@5.77.2)(@tanstack/react-query@5.77.2(react@19.1.0))(react@19.1.0)':
    dependencies:
      '@orpc/client': 0.0.0-next.f107a0e
      '@orpc/shared': 0.0.0-next.f107a0e
      '@orpc/tanstack-query': 0.0.0-next.f107a0e(@orpc/client@0.0.0-next.f107a0e)(@tanstack/query-core@5.77.2)
      '@tanstack/react-query': 5.77.2(react@19.1.0)
      react: 19.1.0
    transitivePeerDependencies:
      - '@tanstack/query-core'

  '@orpc/react@0.0.0-next.f107a0e(react@19.1.0)':
    dependencies:
      '@orpc/client': 0.0.0-next.f107a0e
      '@orpc/contract': 0.0.0-next.f107a0e
      '@orpc/openapi-client': 0.0.0-next.f107a0e
      '@orpc/server': 0.0.0-next.f107a0e
      '@orpc/shared': 0.0.0-next.f107a0e
      react: 19.1.0
    transitivePeerDependencies:
      - crossws
      - ws

  '@orpc/server@0.0.0-next.f107a0e':
    dependencies:
      '@orpc/client': 0.0.0-next.f107a0e
      '@orpc/contract': 0.0.0-next.f107a0e
      '@orpc/shared': 0.0.0-next.f107a0e
      '@orpc/standard-server': 0.0.0-next.f107a0e
      '@orpc/standard-server-aws-lambda': 0.0.0-next.f107a0e
      '@orpc/standard-server-fetch': 0.0.0-next.f107a0e
      '@orpc/standard-server-node': 0.0.0-next.f107a0e
      '@orpc/standard-server-peer': 0.0.0-next.f107a0e

  '@orpc/shared@0.0.0-next.f107a0e':
    dependencies:
      radash: 12.1.0
      type-fest: 4.41.0

  '@orpc/shared@1.3.0':
    dependencies:
      radash: 12.1.0
      type-fest: 4.41.0

  '@orpc/standard-server-aws-lambda@0.0.0-next.f107a0e':
    dependencies:
      '@orpc/shared': 0.0.0-next.f107a0e
      '@orpc/standard-server': 0.0.0-next.f107a0e
      '@orpc/standard-server-fetch': 0.0.0-next.f107a0e
      '@orpc/standard-server-node': 0.0.0-next.f107a0e

  '@orpc/standard-server-fetch@0.0.0-next.f107a0e':
    dependencies:
      '@orpc/shared': 0.0.0-next.f107a0e
      '@orpc/standard-server': 0.0.0-next.f107a0e

  '@orpc/standard-server-fetch@1.3.0':
    dependencies:
      '@orpc/shared': 1.3.0
      '@orpc/standard-server': 1.3.0

  '@orpc/standard-server-node@0.0.0-next.f107a0e':
    dependencies:
      '@orpc/shared': 0.0.0-next.f107a0e
      '@orpc/standard-server': 0.0.0-next.f107a0e
      '@orpc/standard-server-fetch': 0.0.0-next.f107a0e

  '@orpc/standard-server-peer@0.0.0-next.f107a0e':
    dependencies:
      '@orpc/shared': 0.0.0-next.f107a0e
      '@orpc/standard-server': 0.0.0-next.f107a0e

  '@orpc/standard-server-peer@1.3.0':
    dependencies:
      '@orpc/shared': 1.3.0
      '@orpc/standard-server': 1.3.0

  '@orpc/standard-server@0.0.0-next.f107a0e':
    dependencies:
      '@orpc/shared': 0.0.0-next.f107a0e

  '@orpc/standard-server@1.3.0':
    dependencies:
      '@orpc/shared': 1.3.0

  '@orpc/tanstack-query@0.0.0-next.f107a0e(@orpc/client@0.0.0-next.f107a0e)(@tanstack/query-core@5.77.2)':
    dependencies:
      '@orpc/client': 0.0.0-next.f107a0e
      '@orpc/shared': 0.0.0-next.f107a0e
      '@tanstack/query-core': 5.77.2

  '@orpc/zod@0.0.0-next.f107a0e(@orpc/contract@1.3.0)(@orpc/server@0.0.0-next.f107a0e)(zod@3.25.36)':
    dependencies:
      '@orpc/contract': 1.3.0
      '@orpc/openapi': 0.0.0-next.f107a0e
      '@orpc/server': 0.0.0-next.f107a0e
      '@orpc/shared': 0.0.0-next.f107a0e
      escape-string-regexp: 5.0.0
      wildcard-match: 5.1.4
      zod: 3.25.36
    transitivePeerDependencies:
      - crossws
      - ws

  '@standard-schema/spec@1.0.0': {}

  '@swc/counter@0.1.3': {}

  '@swc/helpers@0.5.15':
    dependencies:
      tslib: 2.8.1

  '@tanstack/query-core@5.77.2': {}

  '@tanstack/react-query@5.77.2(react@19.1.0)':
    dependencies:
      '@tanstack/query-core': 5.77.2
      react: 19.1.0

  '@types/node@22.15.24':
    dependencies:
      undici-types: 6.21.0

  '@types/react-dom@19.1.5(@types/react@19.1.6)':
    dependencies:
      '@types/react': 19.1.6

  '@types/react@19.1.6':
    dependencies:
      csstype: 3.1.3

  busboy@1.6.0:
    dependencies:
      streamsearch: 1.1.0

  caniuse-lite@1.0.30001720: {}

  client-only@0.0.1: {}

  color-convert@2.0.1:
    dependencies:
      color-name: 1.1.4
    optional: true

  color-name@1.1.4:
    optional: true

  color-string@1.9.1:
    dependencies:
      color-name: 1.1.4
      simple-swizzle: 0.2.2
    optional: true

  color@4.2.3:
    dependencies:
      color-convert: 2.0.1
      color-string: 1.9.1
    optional: true

  csstype@3.1.3: {}

  detect-libc@2.0.4:
    optional: true

  escape-string-regexp@5.0.0: {}

  is-arrayish@0.3.2:
    optional: true

  json-schema-typed@8.0.1: {}

  nanoid@3.3.11: {}

  next@15.3.2(react-dom@19.1.0(react@19.1.0))(react@19.1.0):
    dependencies:
      '@next/env': 15.3.2
      '@swc/counter': 0.1.3
      '@swc/helpers': 0.5.15
      busboy: 1.6.0
      caniuse-lite: 1.0.30001720
      postcss: 8.4.31
      react: 19.1.0
      react-dom: 19.1.0(react@19.1.0)
      styled-jsx: 5.1.6(react@19.1.0)
    optionalDependencies:
      '@next/swc-darwin-arm64': 15.3.2
      '@next/swc-darwin-x64': 15.3.2
      '@next/swc-linux-arm64-gnu': 15.3.2
      '@next/swc-linux-arm64-musl': 15.3.2
      '@next/swc-linux-x64-gnu': 15.3.2
      '@next/swc-linux-x64-musl': 15.3.2
      '@next/swc-win32-arm64-msvc': 15.3.2
      '@next/swc-win32-x64-msvc': 15.3.2
      sharp: 0.34.2
    transitivePeerDependencies:
      - '@babel/core'
      - babel-plugin-macros

  openapi-types@12.1.3: {}

  picocolors@1.1.1: {}

  postcss@8.4.31:
    dependencies:
      nanoid: 3.3.11
      picocolors: 1.1.1
      source-map-js: 1.2.1

  radash@12.1.0: {}

  react-dom@19.1.0(react@19.1.0):
    dependencies:
      react: 19.1.0
      scheduler: 0.26.0

  react@19.1.0: {}

  rou3@0.6.1: {}

  scheduler@0.26.0: {}

  semver@7.7.2:
    optional: true

  sharp@0.34.2:
    dependencies:
      color: 4.2.3
      detect-libc: 2.0.4
      semver: 7.7.2
    optionalDependencies:
      '@img/sharp-darwin-arm64': 0.34.2
      '@img/sharp-darwin-x64': 0.34.2
      '@img/sharp-libvips-darwin-arm64': 1.1.0
      '@img/sharp-libvips-darwin-x64': 1.1.0
      '@img/sharp-libvips-linux-arm': 1.1.0
      '@img/sharp-libvips-linux-arm64': 1.1.0
      '@img/sharp-libvips-linux-ppc64': 1.1.0
      '@img/sharp-libvips-linux-s390x': 1.1.0
      '@img/sharp-libvips-linux-x64': 1.1.0
      '@img/sharp-libvips-linuxmusl-arm64': 1.1.0
      '@img/sharp-libvips-linuxmusl-x64': 1.1.0
      '@img/sharp-linux-arm': 0.34.2
      '@img/sharp-linux-arm64': 0.34.2
      '@img/sharp-linux-s390x': 0.34.2
      '@img/sharp-linux-x64': 0.34.2
      '@img/sharp-linuxmusl-arm64': 0.34.2
      '@img/sharp-linuxmusl-x64': 0.34.2
      '@img/sharp-wasm32': 0.34.2
      '@img/sharp-win32-arm64': 0.34.2
      '@img/sharp-win32-ia32': 0.34.2
      '@img/sharp-win32-x64': 0.34.2
    optional: true

  simple-swizzle@0.2.2:
    dependencies:
      is-arrayish: 0.3.2
    optional: true

  source-map-js@1.2.1: {}

  streamsearch@1.1.0: {}

  styled-jsx@5.1.6(react@19.1.0):
    dependencies:
      client-only: 0.0.1
      react: 19.1.0

  tslib@2.8.1: {}

  type-fest@4.41.0: {}

  typescript@5.8.3: {}

  undici-types@6.21.0: {}

  wildcard-match@5.1.4: {}

  zod@3.25.36: {}
